
Microsoft Visual Studio Solution File, Format Version 12.00
# Visual Studio 2012
Project("{FAE04EC0-301F-11D3-BF4B-00C04F79EFBC}") = "Abc.ConsoleApp", "Abc.ConsoleApp\Abc.ConsoleApp.csproj", "{32A0C048-5174-4DBE-9B36-860EE4BE15BB}"
EndProject
Project("{FAE04EC0-301F-11D3-BF4B-00C04F79EFBC}") = "Abc.Entity", "Abc.Entity\Abc.Entity.csproj", "{5E8B94DD-E47E-4296-8719-8D54767E3A07}"
EndProject
Project("{FAE04EC0-301F-11D3-BF4B-00C04F79EFBC}") = "Abc.DataLayer", "Abc.DataLayer\Abc.DataLayer.csproj", "{6A79A695-9D18-4048-97A0-670E59A6EA70}"
EndProject
Global
	GlobalSection(SolutionConfigurationPlatforms) = preSolution
		Debug|Any CPU = Debug|Any CPU
		Release|Any CPU = Release|Any CPU
	EndGlobalSection
	GlobalSection(ProjectConfigurationPlatforms) = postSolution
		{32A0C048-5174-4DBE-9B36-860EE4BE15BB}.Debug|Any CPU.ActiveCfg = Debug|Any CPU
		{32A0C048-5174-4DBE-9B36-860EE4BE15BB}.Debug|Any CPU.Build.0 = Debug|Any CPU
		{32A0C048-5174-4DBE-9B36-860EE4BE15BB}.Release|Any CPU.ActiveCfg = Release|Any CPU
		{32A0C048-5174-4DBE-9B36-860EE4BE15BB}.Release|Any CPU.Build.0 = Release|Any CPU
		{5E8B94DD-E47E-4296-8719-8D54767E3A07}.Debug|Any CPU.ActiveCfg = Debug|Any CPU
		{5E8B94DD-E47E-4296-8719-8D54767E3A07}.Debug|Any CPU.Build.0 = Debug|Any CPU
		{5E8B94DD-E47E-4296-8719-8D54767E3A07}.Release|Any CPU.ActiveCfg = Release|Any CPU
		{5E8B94DD-E47E-4296-8719-8D54767E3A07}.Release|Any CPU.Build.0 = Release|Any CPU
		{6A79A695-9D18-4048-97A0-670E59A6EA70}.Debug|Any CPU.ActiveCfg = Debug|Any CPU
		{6A79A695-9D18-4048-97A0-670E59A6EA70}.Debug|Any CPU.Build.0 = Debug|Any CPU
		{6A79A695-9D18-4048-97A0-670E59A6EA70}.Release|Any CPU.ActiveCfg = Release|Any CPU
		{6A79A695-9D18-4048-97A0-670E59A6EA70}.Release|Any CPU.Build.0 = Release|Any CPU
	EndGlobalSection
	GlobalSection(SolutionProperties) = preSolution
		HideSolutionNode = FALSE
	EndGlobalSection
EndGlobal
